{
  "name": "motor-raycast",
  "lockfileVersion": 3,
  "requires": true,
  "packages": {
    "": {
      "dependencies": {
        "ponytail": "^1.0.57"
      }
    },
    "node_modules/ponytail": {
      "version": "1.0.57",
      "resolved": "https://registry.npmjs.org/ponytail/-/ponytail-1.0.57.tgz",
      "integrity": "sha512-GHlaSZo1IR2PFLx5BvGbt0czhFDeVPNK1eEpw4El7hkOkUhL3KRQltMqfX8hAGzGPlPqz4jd6CWWPFgt3+ZGwg==",
      "license": "ISC"
    }
  }
}
