{
  "name": "motor-raycast",
  "lockfileVersion": 3,
  "requires": true,
  "packages": {
    "": {
      "dependencies": {
        "ponytail": "^1.0.57",
        "three": "^0.185.1"
      }
    },
    "node_modules/ponytail": {
      "version": "1.0.57",
      "resolved": "https://registry.npmjs.org/ponytail/-/ponytail-1.0.57.tgz",
      "integrity": "sha512-GHlaSZo1IR2PFLx5BvGbt0czhFDeVPNK1eEpw4El7hkOkUhL3KRQltMqfX8hAGzGPlPqz4jd6CWWPFgt3+ZGwg==",
      "license": "ISC"
    },
    "node_modules/three": {
      "version": "0.185.1",
      "resolved": "https://registry.npmjs.org/three/-/three-0.185.1.tgz",
      "integrity": "sha512-5aojFCXKwnjBRZvUnt3WFfEcvUJgkN5LlijRFN95hMy8WVkG4I0QNcJE+OuWvuJ0bOdStrbfXn0pkd6/QyiAlg==",
      "license": "MIT"
    }
  }
}
